
Microsoft Visual Studio Solution File, Format Version 12.00
# Visual Studio Version 16
VisualStudioVersion = 16.0.31129.286
MinimumVisualStudioVersion = 10.0.40219.1
Project("{2150E333-8FDC-42A3-9474-1A3956D46DE8}") = "Services", "Services", "{0F266435-4F60-4378-8A55-5B3012EEA10F}"
EndProject
Project("{2150E333-8FDC-42A3-9474-1A3956D46DE8}") = "Catalog", "Catalog", "{3630CE05-9F8E-4A88-814B-A751CFA91E90}"
EndProject
Project("{E53339B2-1760-4266-BCC7-CA923CBCF16C}") = "docker-compose", "docker-compose.dcproj", "{59CAA7E8-6D6B-4293-AC88-4D5A077C0EF4}"
EndProject
Project("{2150E333-8FDC-42A3-9474-1A3956D46DE8}") = "Basket", "Basket", "{263DCB66-B807-4AD2-A658-1B6AD8E0010D}"
EndProject
Project("{9A19103F-16F7-4668-BE54-9A1E7A4F7556}") = "Basket.API", "Services\Basket\Basket.API\Basket.API.csproj", "{894DBB70-3E41-4DDD-8E5B-27BF5037FD79}"
EndProject
Project("{9A19103F-16F7-4668-BE54-9A1E7A4F7556}") = "Catalog.API", "Services\Catalog\Catalog.API\Catalog.API.csproj", "{70877275-7A9D-48EB-8171-694691C955A4}"
EndProject
Project("{2150E333-8FDC-42A3-9474-1A3956D46DE8}") = "Discount", "Discount", "{C92FDF8F-B66B-445C-AFA6-8F76EDCFDCF5}"
EndProject
Project("{9A19103F-16F7-4668-BE54-9A1E7A4F7556}") = "Discount.Grpc", "Services\Discount\Discount.Grpc\Discount.Grpc.csproj", "{B97A71FD-040E-4F97-A688-36135F7CB0E1}"
EndProject
Project("{9A19103F-16F7-4668-BE54-9A1E7A4F7556}") = "Discount.API", "Services\Discount\Discount.API\Discount.API.csproj", "{AD44EA47-7A1A-4B2E-A077-8EC1763CE91C}"
EndProject
Project("{2150E333-8FDC-42A3-9474-1A3956D46DE8}") = "Ordering", "Ordering", "{091F499A-1AF9-4D98-AABB-09BDD505ED86}"
EndProject
Project("{9A19103F-16F7-4668-BE54-9A1E7A4F7556}") = "Ordering.API", "Services\Ordering\Ordering.API\Ordering.API.csproj", "{889F4DB9-BD47-4AB0-AF18-41CF5C7DF7B0}"
EndProject
Project("{9A19103F-16F7-4668-BE54-9A1E7A4F7556}") = "Ordering.Domain", "Services\Ordering\Ordering.Domain\Ordering.Domain.csproj", "{0E69ACA2-D7D9-40EB-940C-3631DC4083BE}"
EndProject
Project("{9A19103F-16F7-4668-BE54-9A1E7A4F7556}") = "Ordering.Application", "Services\Ordering\Ordering.Application\Ordering.Application.csproj", "{BAE3D363-B45F-4B47-B494-BD9C55669F13}"
EndProject
Project("{9A19103F-16F7-4668-BE54-9A1E7A4F7556}") = "Ordering.Infrastructure", "Services\Ordering\Ordering.Infrastructure\Ordering.Infrastructure.csproj", "{D0280845-F8A9-44EF-9C63-2AEFB3DC679B}"
EndProject
Global
	GlobalSection(SolutionConfigurationPlatforms) = preSolution
		Debug|Any CPU = Debug|Any CPU
		Release|Any CPU = Release|Any CPU
	EndGlobalSection
	GlobalSection(ProjectConfigurationPlatforms) = postSolution
		{59CAA7E8-6D6B-4293-AC88-4D5A077C0EF4}.Debug|Any CPU.ActiveCfg = Debug|Any CPU
		{59CAA7E8-6D6B-4293-AC88-4D5A077C0EF4}.Debug|Any CPU.Build.0 = Debug|Any CPU
		{59CAA7E8-6D6B-4293-AC88-4D5A077C0EF4}.Release|Any CPU.ActiveCfg = Release|Any CPU
		{59CAA7E8-6D6B-4293-AC88-4D5A077C0EF4}.Release|Any CPU.Build.0 = Release|Any CPU
		{894DBB70-3E41-4DDD-8E5B-27BF5037FD79}.Debug|Any CPU.ActiveCfg = Debug|Any CPU
		{894DBB70-3E41-4DDD-8E5B-27BF5037FD79}.Debug|Any CPU.Build.0 = Debug|Any CPU
		{894DBB70-3E41-4DDD-8E5B-27BF5037FD79}.Release|Any CPU.ActiveCfg = Release|Any CPU
		{894DBB70-3E41-4DDD-8E5B-27BF5037FD79}.Release|Any CPU.Build.0 = Release|Any CPU
		{70877275-7A9D-48EB-8171-694691C955A4}.Debug|Any CPU.ActiveCfg = Debug|Any CPU
		{70877275-7A9D-48EB-8171-694691C955A4}.Debug|Any CPU.Build.0 = Debug|Any CPU
		{70877275-7A9D-48EB-8171-694691C955A4}.Release|Any CPU.ActiveCfg = Release|Any CPU
		{70877275-7A9D-48EB-8171-694691C955A4}.Release|Any CPU.Build.0 = Release|Any CPU
		{B97A71FD-040E-4F97-A688-36135F7CB0E1}.Debug|Any CPU.ActiveCfg = Debug|Any CPU
		{B97A71FD-040E-4F97-A688-36135F7CB0E1}.Debug|Any CPU.Build.0 = Debug|Any CPU
		{B97A71FD-040E-4F97-A688-36135F7CB0E1}.Release|Any CPU.ActiveCfg = Release|Any CPU
		{B97A71FD-040E-4F97-A688-36135F7CB0E1}.Release|Any CPU.Build.0 = Release|Any CPU
		{AD44EA47-7A1A-4B2E-A077-8EC1763CE91C}.Debug|Any CPU.ActiveCfg = Debug|Any CPU
		{AD44EA47-7A1A-4B2E-A077-8EC1763CE91C}.Debug|Any CPU.Build.0 = Debug|Any CPU
		{AD44EA47-7A1A-4B2E-A077-8EC1763CE91C}.Release|Any CPU.ActiveCfg = Release|Any CPU
		{AD44EA47-7A1A-4B2E-A077-8EC1763CE91C}.Release|Any CPU.Build.0 = Release|Any CPU
		{889F4DB9-BD47-4AB0-AF18-41CF5C7DF7B0}.Debug|Any CPU.ActiveCfg = Debug|Any CPU
		{889F4DB9-BD47-4AB0-AF18-41CF5C7DF7B0}.Debug|Any CPU.Build.0 = Debug|Any CPU
		{889F4DB9-BD47-4AB0-AF18-41CF5C7DF7B0}.Release|Any CPU.ActiveCfg = Release|Any CPU
		{889F4DB9-BD47-4AB0-AF18-41CF5C7DF7B0}.Release|Any CPU.Build.0 = Release|Any CPU
		{0E69ACA2-D7D9-40EB-940C-3631DC4083BE}.Debug|Any CPU.ActiveCfg = Debug|Any CPU
		{0E69ACA2-D7D9-40EB-940C-3631DC4083BE}.Debug|Any CPU.Build.0 = Debug|Any CPU
		{0E69ACA2-D7D9-40EB-940C-3631DC4083BE}.Release|Any CPU.ActiveCfg = Release|Any CPU
		{0E69ACA2-D7D9-40EB-940C-3631DC4083BE}.Release|Any CPU.Build.0 = Release|Any CPU
		{BAE3D363-B45F-4B47-B494-BD9C55669F13}.Debug|Any CPU.ActiveCfg = Debug|Any CPU
		{BAE3D363-B45F-4B47-B494-BD9C55669F13}.Debug|Any CPU.Build.0 = Debug|Any CPU
		{BAE3D363-B45F-4B47-B494-BD9C55669F13}.Release|Any CPU.ActiveCfg = Release|Any CPU
		{BAE3D363-B45F-4B47-B494-BD9C55669F13}.Release|Any CPU.Build.0 = Release|Any CPU
		{D0280845-F8A9-44EF-9C63-2AEFB3DC679B}.Debug|Any CPU.ActiveCfg = Debug|Any CPU
		{D0280845-F8A9-44EF-9C63-2AEFB3DC679B}.Debug|Any CPU.Build.0 = Debug|Any CPU
		{D0280845-F8A9-44EF-9C63-2AEFB3DC679B}.Release|Any CPU.ActiveCfg = Release|Any CPU
		{D0280845-F8A9-44EF-9C63-2AEFB3DC679B}.Release|Any CPU.Build.0 = Release|Any CPU
	EndGlobalSection
	GlobalSection(SolutionProperties) = preSolution
		HideSolutionNode = FALSE
	EndGlobalSection
	GlobalSection(NestedProjects) = preSolution
		{3630CE05-9F8E-4A88-814B-A751CFA91E90} = {0F266435-4F60-4378-8A55-5B3012EEA10F}
		{263DCB66-B807-4AD2-A658-1B6AD8E0010D} = {0F266435-4F60-4378-8A55-5B3012EEA10F}
		{894DBB70-3E41-4DDD-8E5B-27BF5037FD79} = {263DCB66-B807-4AD2-A658-1B6AD8E0010D}
		{70877275-7A9D-48EB-8171-694691C955A4} = {3630CE05-9F8E-4A88-814B-A751CFA91E90}
		{C92FDF8F-B66B-445C-AFA6-8F76EDCFDCF5} = {0F266435-4F60-4378-8A55-5B3012EEA10F}
		{B97A71FD-040E-4F97-A688-36135F7CB0E1} = {C92FDF8F-B66B-445C-AFA6-8F76EDCFDCF5}
		{AD44EA47-7A1A-4B2E-A077-8EC1763CE91C} = {C92FDF8F-B66B-445C-AFA6-8F76EDCFDCF5}
		{091F499A-1AF9-4D98-AABB-09BDD505ED86} = {0F266435-4F60-4378-8A55-5B3012EEA10F}
		{889F4DB9-BD47-4AB0-AF18-41CF5C7DF7B0} = {091F499A-1AF9-4D98-AABB-09BDD505ED86}
		{0E69ACA2-D7D9-40EB-940C-3631DC4083BE} = {091F499A-1AF9-4D98-AABB-09BDD505ED86}
		{BAE3D363-B45F-4B47-B494-BD9C55669F13} = {091F499A-1AF9-4D98-AABB-09BDD505ED86}
		{D0280845-F8A9-44EF-9C63-2AEFB3DC679B} = {091F499A-1AF9-4D98-AABB-09BDD505ED86}
	EndGlobalSection
	GlobalSection(ExtensibilityGlobals) = postSolution
		SolutionGuid = {EA5C5A5D-3029-495E-9BF0-8299315CF992}
	EndGlobalSection
EndGlobal
